
Microsoft Visual Studio Solution File, Format Version 12.00
# Visual Studio Version 17
VisualStudioVersion = 17.4.33103.184
MinimumVisualStudioVersion = 10.0.40219.1
Project("{FAE04EC0-301F-11D3-BF4B-00C04F79EFBC}") = "disser", "disser\disser.csproj", "{373CDB14-796E-48EE-9AC9-F49B39B08877}"
EndProject
Global
	GlobalSection(SolutionConfigurationPlatforms) = preSolution
		Debug|Any CPU = Debug|Any CPU
		Release|Any CPU = Release|Any CPU
	EndGlobalSection
	GlobalSection(ProjectConfigurationPlatforms) = postSolution
		{373CDB14-796E-48EE-9AC9-F49B39B08877}.Debug|Any CPU.ActiveCfg = Debug|Any CPU
		{373CDB14-796E-48EE-9AC9-F49B39B08877}.Debug|Any CPU.Build.0 = Debug|Any CPU
		{373CDB14-796E-48EE-9AC9-F49B39B08877}.Release|Any CPU.ActiveCfg = Release|Any CPU
		{373CDB14-796E-48EE-9AC9-F49B39B08877}.Release|Any CPU.Build.0 = Release|Any CPU
	EndGlobalSection
	GlobalSection(SolutionProperties) = preSolution
		HideSolutionNode = FALSE
	EndGlobalSection
	GlobalSection(ExtensibilityGlobals) = postSolution
		SolutionGuid = {4E4E68EC-2A99-493C-8E9B-43BB65C7A81F}
	EndGlobalSection
EndGlobal
